<?xml version="1.0" encoding="utf-8"?>
<Project ToolsVersion="4.0" xmlns="http://schemas.microsoft.com/developer/msbuild/2003">
  <ItemGroup>
    <ClCompile Include="lib\imgui\imgui.cpp">
      <Filter>Headers\imgui</Filter>
    </ClCompile>
    <ClCompile Include="lib\imgui\imgui_demo.cpp">
      <Filter>Headers\imgui</Filter>
    </ClCompile>
    <ClCompile Include="lib\imgui\imgui_draw.cpp">
      <Filter>Headers\imgui</Filter>
    </ClCompile>
    <ClCompile Include="lib\imgui\imgui_impl_glfw.cpp">
      <Filter>Headers\imgui</Filter>
    </ClCompile>
    <ClCompile Include="lib\imgui\imgui_impl_opengl3.cpp">
      <Filter>Headers\imgui</Filter>
    </ClCompile>
    <ClCompile Include="lib\imgui\imgui_tables.cpp">
      <Filter>Headers\imgui</Filter>
    </ClCompile>
    <ClCompile Include="lib\imgui\imgui_widgets.cpp">
      <Filter>Headers\imgui</Filter>
    </ClCompile>
    <ClCompile Include="lib\imgui\ImGuiFileDialog.cpp">
      <Filter>Headers\imgui</Filter>
    </ClCompile>
    <ClCompile Include="main.cpp">
      <Filter>Sources</Filter>
    </ClCompile>
    <ClCompile Include="mesh.cpp">
      <Filter>Sources</Filter>
    </ClCompile>
    <ClCompile Include="utils.cpp">
      <Filter>Sources</Filter>
    </ClCompile>
  </ItemGroup>
  <ItemGroup>
    <ClInclude Include="lib\imgui\imconfig.h">
      <Filter>Headers\imgui</Filter>
    </ClInclude>
    <ClInclude Include="lib\imgui\imgui.h">
      <Filter>Headers\imgui</Filter>
    </ClInclude>
    <ClInclude Include="lib\imgui\imgui_impl_glfw.h">
      <Filter>Headers\imgui</Filter>
    </ClInclude>
    <ClInclude Include="lib\imgui\imgui_impl_opengl3.h">
      <Filter>Headers\imgui</Filter>
    </ClInclude>
    <ClInclude Include="lib\imgui\imgui_internal.h">
      <Filter>Headers\imgui</Filter>
    </ClInclude>
    <ClInclude Include="lib\imgui\ImGuiFileDialog.h">
      <Filter>Headers\imgui</Filter>
    </ClInclude>
    <ClInclude Include="lib\imgui\ImGuiFileDialogConfig.h">
      <Filter>Headers\imgui</Filter>
    </ClInclude>
    <ClInclude Include="lib\imgui\imstb_rectpack.h">
      <Filter>Headers\imgui</Filter>
    </ClInclude>
    <ClInclude Include="lib\imgui\imstb_textedit.h">
      <Filter>Headers\imgui</Filter>
    </ClInclude>
    <ClInclude Include="lib\imgui\imstb_truetype.h">
      <Filter>Headers\imgui</Filter>
    </ClInclude>
    <ClInclude Include="src\stb_image.h">
      <Filter>Resources</Filter>
    </ClInclude>
    <ClInclude Include="mesh.hpp">
      <Filter>Headers</Filter>
    </ClInclude>
    <ClInclude Include="Program.h">
      <Filter>Headers</Filter>
    </ClInclude>
    <ClInclude Include="stb_image.h">
      <Filter>Headers</Filter>
    </ClInclude>
    <ClInclude Include="utils.hpp">
      <Filter>Headers</Filter>
    </ClInclude>
  </ItemGroup>
  <ItemGroup>
    <None Include="assets\blur.frag">
      <Filter>Shaders</Filter>
    </None>
    <None Include="assets\blur.vert">
      <Filter>Shaders</Filter>
    </None>
    <None Include="assets\blur2.frag">
      <Filter>Shaders</Filter>
    </None>
    <None Include="assets\blur3.frag">
      <Filter>Shaders</Filter>
    </None>
    <None Include="assets\first.frag">
      <Filter>Shaders</Filter>
    </None>
    <None Include="assets\first.vert">
      <Filter>Shaders</Filter>
    </None>
    <None Include="assets\canyon.jpg">
      <Filter>Resources</Filter>
    </None>
    <None Include="assets\float.obj">
      <Filter>Resources</Filter>
    </None>
    <None Include="assets\quad.frag">
      <Filter>Shaders</Filter>
    </None>
    <None Include="assets\quad.vert">
      <Filter>Shaders</Filter>
    </None>
    <None Include="assets\sky.vert">
      <Filter>Shaders</Filter>
    </None>
    <None Include="assets\sky.frag">
      <Filter>Shaders</Filter>
    </None>
    <None Include="assets\texture.jpg">
      <Filter>Shaders</Filter>
    </None>
  </ItemGroup>
  <ItemGroup>
    <Filter Include="Headers">
      <UniqueIdentifier>{945e2920-575c-4d8d-a7d4-d94f0115aee1}</UniqueIdentifier>
    </Filter>
    <Filter Include="Headers\imgui">
      <UniqueIdentifier>{b769c20c-43c3-4946-beba-11eedf06f4e2}</UniqueIdentifier>
    </Filter>
    <Filter Include="Shaders">
      <UniqueIdentifier>{2cff3932-ae6d-46f1-ac8e-1e2b124695c8}</UniqueIdentifier>
    </Filter>
    <Filter Include="Resources">
      <UniqueIdentifier>{a6e79988-9404-4e15-85cb-f89cd50bff0f}</UniqueIdentifier>
    </Filter>
    <Filter Include="Sources">
      <UniqueIdentifier>{cbef7eda-968d-4f9b-9139-6eac1fa5f09e}</UniqueIdentifier>
    </Filter>
  </ItemGroup>
</Project>